
Microsoft Visual Studio Solution File, Format Version 12.00
# Visual Studio 15
VisualStudioVersion = 15.0.28010.2016
MinimumVisualStudioVersion = 10.0.40219.1
Project("{FAE04EC0-301F-11D3-BF4B-00C04F79EFBC}") = "Bluefish", "Bluefish\Bluefish.csproj", "{EBDCCDFA-6F8F-402B-94C3-816C29A0EBC2}"
EndProject
Global
	GlobalSection(SolutionConfigurationPlatforms) = preSolution
		Debug|Any CPU = Debug|Any CPU
		Release|Any CPU = Release|Any CPU
	EndGlobalSection
	GlobalSection(ProjectConfigurationPlatforms) = postSolution
		{EBDCCDFA-6F8F-402B-94C3-816C29A0EBC2}.Debug|Any CPU.ActiveCfg = Debug|Any CPU
		{EBDCCDFA-6F8F-402B-94C3-816C29A0EBC2}.Debug|Any CPU.Build.0 = Debug|Any CPU
		{EBDCCDFA-6F8F-402B-94C3-816C29A0EBC2}.Release|Any CPU.ActiveCfg = Release|Any CPU
		{EBDCCDFA-6F8F-402B-94C3-816C29A0EBC2}.Release|Any CPU.Build.0 = Release|Any CPU
	EndGlobalSection
	GlobalSection(SolutionProperties) = preSolution
		HideSolutionNode = FALSE
	EndGlobalSection
	GlobalSection(ExtensibilityGlobals) = postSolution
		SolutionGuid = {CDE211B0-CB93-45F6-B775-3190AADBD961}
	EndGlobalSection
EndGlobal
